// !$*UTF8*$!
{
	archiveVersion = 1;
	classes = {
	};
	objectVersion = 77;
	objects = {

/* Begin PBXContainerItemProxy section */
		19BC8DB72DADC76900B0FED6 /* PBXContainerItemProxy */ = {
			isa = PBXContainerItemProxy;
			containerPortal = 19BC8D9E2DADC76600B0FED6 /* Project object */;
			proxyType = 1;
			remoteGlobalIDString = 19BC8DA52DADC76700B0FED6;
			remoteInfo = FetchRecipeProject;
		};
		19BC8DC12DADC76900B0FED6 /* PBXContainerItemProxy */ = {
			isa = PBXContainerItemProxy;
			containerPortal = 19BC8D9E2DADC76600B0FED6 /* Project object */;
			proxyType = 1;
			remoteGlobalIDString = 19BC8DA52DADC76700B0FED6;
			remoteInfo = FetchRecipeProject;
		};
/* End PBXContainerItemProxy section */

/* Begin PBXFileReference section */
		19BC8DA62DADC76700B0FED6 /* FetchRecipeProject.app */ = {isa = PBXFileReference; explicitFileType = wrapper.application; includeInIndex = 0; path = FetchRecipeProject.app; sourceTree = BUILT_PRODUCTS_DIR; };
		19BC8DB62DADC76900B0FED6 /* FetchRecipeProjectTests.xctest */ = {isa = PBXFileReference; explicitFileType = wrapper.cfbundle; includeInIndex = 0; path = FetchRecipeProjectTests.xctest; sourceTree = BUILT_PRODUCTS_DIR; };
		19BC8DC02DADC76900B0FED6 /* FetchRecipeProjectUITests.xctest */ = {isa = PBXFileReference; explicitFileType = wrapper.cfbundle; includeInIndex = 0; path = FetchRecipeProjectUITests.xctest; sourceTree = BUILT_PRODUCTS_DIR; };
/* End PBXFileReference section */

/* Begin PBXFileSystemSynchronizedRootGroup section */
		19BC8DA82DADC76700B0FED6 /* FetchRecipeProject */ = {
			isa = PBXFileSystemSynchronizedRootGroup;
			path = FetchRecipeProject;
			sourceTree = "<group>";
		};
		19BC8DB92DADC76900B0FED6 /* FetchRecipeProjectTests */ = {
			isa = PBXFileSystemSynchronizedRootGroup;
			path = FetchRecipeProjectTests;
			sourceTree = "<group>";
		};
		19BC8DC32DADC76900B0FED6 /* FetchRecipeProjectUITests */ = {
			isa = PBXFileSystemSynchronizedRootGroup;
			path = FetchRecipeProjectUITests;
			sourceTree = "<group>";
		};
/* End PBXFileSystemSynchronizedRootGroup section */

/* Begin PBXFrameworksBuildPhase section */
		19BC8DA32DADC76700B0FED6 /* Frameworks */ = {
			isa = PBXFrameworksBuildPhase;
			buildActionMask = 2147483647;
			files = (
			);
			runOnlyForDeploymentPostprocessing = 0;
		};
		19BC8DB32DADC76900B0FED6 /* Frameworks */ = {
			isa = PBXFrameworksBuildPhase;
			buildActionMask = 2147483647;
			files = (
			);
			runOnlyForDeploymentPostprocessing = 0;
		};
		19BC8DBD2DADC76900B0FED6 /* Frameworks */ = {
			isa = PBXFrameworksBuildPhase;
			buildActionMask = 2147483647;
			files = (
			);
			runOnlyForDeploymentPostprocessing = 0;
		};
/* End PBXFrameworksBuildPhase section */

/* Begin PBXGroup section */
		19BC8D9D2DADC76600B0FED6 = {
			isa = PBXGroup;
			children = (
				19BC8DA82DADC76700B0FED6 /* FetchRecipeProject */,
				19BC8DB92DADC76900B0FED6 /* FetchRecipeProjectTests */,
				19BC8DC32DADC76900B0FED6 /* FetchRecipeProjectUITests */,
				19BC8DA72DADC76700B0FED6 /* Products */,
			);
			sourceTree = "<group>";
		};
		19BC8DA72DADC76700B0FED6 /* Products */ = {
			isa = PBXGroup;
			children = (
				19BC8DA62DADC76700B0FED6 /* FetchRecipeProject.app */,
				19BC8DB62DADC76900B0FED6 /* FetchRecipeProjectTests.xctest */,
				19BC8DC02DADC76900B0FED6 /* FetchRecipeProjectUITests.xctest */,
			);
			name = Products;
			sourceTree = "<group>";
		};
/* End PBXGroup section */

/* Begin PBXNativeTarget section */
		19BC8DA52DADC76700B0FED6 /* FetchRecipeProject */ = {
			isa = PBXNativeTarget;
			buildConfigurationList = 19BC8DCA2DADC76900B0FED6 /* Build configuration list for PBXNativeTarget "FetchRecipeProject" */;
			buildPhases = (
				19BC8DA22DADC76700B0FED6 /* Sources */,
				19BC8DA32DADC76700B0FED6 /* Frameworks */,
				19BC8DA42DADC76700B0FED6 /* Resources */,
			);
			buildRules = (
			);
			dependencies = (
			);
			fileSystemSynchronizedGroups = (
				19BC8DA82DADC76700B0FED6 /* FetchRecipeProject */,
			);
			name = FetchRecipeProject;
			packageProductDependencies = (
			);
			productName = FetchRecipeProject;
			productReference = 19BC8DA62DADC76700B0FED6 /* FetchRecipeProject.app */;
			productType = "com.apple.product-type.application";
		};
		19BC8DB52DADC76900B0FED6 /* FetchRecipeProjectTests */ = {
			isa = PBXNativeTarget;
			buildConfigurationList = 19BC8DCD2DADC76900B0FED6 /* Build configuration list for PBXNativeTarget "FetchRecipeProjectTests" */;
			buildPhases = (
				19BC8DB22DADC76900B0FED6 /* Sources */,
				19BC8DB32DADC76900B0FED6 /* Frameworks */,
				19BC8DB42DADC76900B0FED6 /* Resources */,
			);
			buildRules = (
			);
			dependencies = (
				19BC8DB82DADC76900B0FED6 /* PBXTargetDependency */,
			);
			fileSystemSynchronizedGroups = (
				19BC8DB92DADC76900B0FED6 /* FetchRecipeProjectTests */,
			);
			name = FetchRecipeProjectTests;
			packageProductDependencies = (
			);
			productName = FetchRecipeProjectTests;
			productReference = 19BC8DB62DADC76900B0FED6 /* FetchRecipeProjectTests.xctest */;
			productType = "com.apple.product-type.bundle.unit-test";
		};
		19BC8DBF2DADC76900B0FED6 /* FetchRecipeProjectUITests */ = {
			isa = PBXNativeTarget;
			buildConfigurationList = 19BC8DD02DADC76900B0FED6 /* Build configuration list for PBXNativeTarget "FetchRecipeProjectUITests" */;
			buildPhases = (
				19BC8DBC2DADC76900B0FED6 /* Sources */,
				19BC8DBD2DADC76900B0FED6 /* Frameworks */,
				19BC8DBE2DADC76900B0FED6 /* Resources */,
			);
			buildRules = (
			);
			dependencies = (
				19BC8DC22DADC76900B0FED6 /* PBXTargetDependency */,
			);
			fileSystemSynchronizedGroups = (
				19BC8DC32DADC76900B0FED6 /* FetchRecipeProjectUITests */,
			);
			name = FetchRecipeProjectUITests;
			packageProductDependencies = (
			);
			productName = FetchRecipeProjectUITests;
			productReference = 19BC8DC02DADC76900B0FED6 /* FetchRecipeProjectUITests.xctest */;
			productType = "com.apple.product-type.bundle.ui-testing";
		};
/* End PBXNativeTarget section */

/* Begin PBXProject section */
		19BC8D9E2DADC76600B0FED6 /* Project object */ = {
			isa = PBXProject;
			attributes = {
				BuildIndependentTargetsInParallel = 1;
				LastSwiftUpdateCheck = 1610;
				LastUpgradeCheck = 1610;
				TargetAttributes = {
					19BC8DA52DADC76700B0FED6 = {
						CreatedOnToolsVersion = 16.1;
					};
					19BC8DB52DADC76900B0FED6 = {
						CreatedOnToolsVersion = 16.1;
						TestTargetID = 19BC8DA52DADC76700B0FED6;
					};
					19BC8DBF2DADC76900B0FED6 = {
						CreatedOnToolsVersion = 16.1;
						TestTargetID = 19BC8DA52DADC76700B0FED6;
					};
				};
			};
			buildConfigurationList = 19BC8DA12DADC76600B0FED6 /* Build configuration list for PBXProject "FetchRecipeProject" */;
			developmentRegion = en;
			hasScannedForEncodings = 0;
			knownRegions = (
				en,
				Base,
			);
			mainGroup = 19BC8D9D2DADC76600B0FED6;
			minimizedProjectReferenceProxies = 1;
			preferredProjectObjectVersion = 77;
			productRefGroup = 19BC8DA72DADC76700B0FED6 /* Products */;
			projectDirPath = "";
			projectRoot = "";
			targets = (
				19BC8DA52DADC76700B0FED6 /* FetchRecipeProject */,
				19BC8DB52DADC76900B0FED6 /* FetchRecipeProjectTests */,
				19BC8DBF2DADC76900B0FED6 /* FetchRecipeProjectUITests */,
			);
		};
/* End PBXProject section */

/* Begin PBXResourcesBuildPhase section */
		19BC8DA42DADC76700B0FED6 /* Resources */ = {
			isa = PBXResourcesBuildPhase;
			buildActionMask = 2147483647;
			files = (
			);
			runOnlyForDeploymentPostprocessing = 0;
		};
		19BC8DB42DADC76900B0FED6 /* Resources */ = {
			isa = PBXResourcesBuildPhase;
			buildActionMask = 2147483647;
			files = (
			);
			runOnlyForDeploymentPostprocessing = 0;
		};
		19BC8DBE2DADC76900B0FED6 /* Resources */ = {
			isa = PBXResourcesBuildPhase;
			buildActionMask = 2147483647;
			files = (
			);
			runOnlyForDeploymentPostprocessing = 0;
		};
/* End PBXResourcesBuildPhase section */

/* Begin PBXSourcesBuildPhase section */
		19BC8DA22DADC76700B0FED6 /* Sources */ = {
			isa = PBXSourcesBuildPhase;
			buildActionMask = 2147483647;
			files = (
			);
			runOnlyForDeploymentPostprocessing = 0;
		};
		19BC8DB22DADC76900B0FED6 /* Sources */ = {
			isa = PBXSourcesBuildPhase;
			buildActionMask = 2147483647;
			files = (
			);
			runOnlyForDeploymentPostprocessing = 0;
		};
		19BC8DBC2DADC76900B0FED6 /* Sources */ = {
			isa = PBXSourcesBuildPhase;
			buildActionMask = 2147483647;
			files = (
			);
			runOnlyForDeploymentPostprocessing = 0;
		};
/* End PBXSourcesBuildPhase section */

/* Begin PBXTargetDependency section */
		19BC8DB82DADC76900B0FED6 /* PBXTargetDependency */ = {
			isa = PBXTargetDependency;
			target = 19BC8DA52DADC76700B0FED6 /* FetchRecipeProject */;
			targetProxy = 19BC8DB72DADC76900B0FED6 /* PBXContainerItemProxy */;
		};
		19BC8DC22DADC76900B0FED6 /* PBXTargetDependency */ = {
			isa = PBXTargetDependency;
			target = 19BC8DA52DADC76700B0FED6 /* FetchRecipeProject */;
			targetProxy = 19BC8DC12DADC76900B0FED6 /* PBXContainerItemProxy */;
		};
/* End PBXTargetDependency section */

/* Begin XCBuildConfiguration section */
		19BC8DC82DADC76900B0FED6 /* Debug */ = {
			isa = XCBuildConfiguration;
			buildSettings = {
				ALWAYS_SEARCH_USER_PATHS = NO;
				ASSETCATALOG_COMPILER_GENERATE_SWIFT_ASSET_SYMBOL_EXTENSIONS = YES;
				CLANG_ANALYZER_NONNULL = YES;
				CLANG_ANALYZER_NUMBER_OBJECT_CONVERSION = YES_AGGRESSIVE;
				CLANG_CXX_LANGUAGE_STANDARD = "gnu++20";
				CLANG_ENABLE_MODULES = YES;
				CLANG_ENABLE_OBJC_ARC = YES;
				CLANG_ENABLE_OBJC_WEAK = YES;
				CLANG_WARN_BLOCK_CAPTURE_AUTORELEASING = YES;
				CLANG_WARN_BOOL_CONVERSION = YES;
				CLANG_WARN_COMMA = YES;
				CLANG_WARN_CONSTANT_CONVERSION = YES;
				CLANG_WARN_DEPRECATED_OBJC_IMPLEMENTATIONS = YES;
				CLANG_WARN_DIRECT_OBJC_ISA_USAGE = YES_ERROR;
				CLANG_WARN_DOCUMENTATION_COMMENTS = YES;
				CLANG_WARN_EMPTY_BODY = YES;
				CLANG_WARN_ENUM_CONVERSION = YES;
				CLANG_WARN_INFINITE_RECURSION = YES;
				CLANG_WARN_INT_CONVERSION = YES;
				CLANG_WARN_NON_LITERAL_NULL_CONVERSION = YES;
				CLANG_WARN_OBJC_IMPLICIT_RETAIN_SELF = YES;
				CLANG_WARN_OBJC_LITERAL_CONVERSION = YES;
				CLANG_WARN_OBJC_ROOT_CLASS = YES_ERROR;
				CLANG_WARN_QUOTED_INCLUDE_IN_FRAMEWORK_HEADER = YES;
				CLANG_WARN_RANGE_LOOP_ANALYSIS = YES;
				CLANG_WARN_STRICT_PROTOTYPES = YES;
				CLANG_WARN_SUSPICIOUS_MOVE = YES;
				CLANG_WARN_UNGUARDED_AVAILABILITY = YES_AGGRESSIVE;
				CLANG_WARN_UNREACHABLE_CODE = YES;
				CLANG_WARN__DUPLICATE_METHOD_MATCH = YES;
				COPY_PHASE_STRIP = NO;
				DEBUG_INFORMATION_FORMAT = dwarf;
				ENABLE_STRICT_OBJC_MSGSEND = YES;
				ENABLE_TESTABILITY = YES;
				ENABLE_USER_SCRIPT_SANDBOXING = YES;
				GCC_C_LANGUAGE_STANDARD = gnu17;
				GCC_DYNAMIC_NO_PIC = NO;
				GCC_NO_COMMON_BLOCKS = YES;
				GCC_OPTIMIZATION_LEVEL = 0;
				GCC_PREPROCESSOR_DEFINITIONS = (
					"DEBUG=1",
					"$(inherited)",
				);
				GCC_WARN_64_TO_32_BIT_CONVERSION = YES;
				GCC_WARN_ABOUT_RETURN_TYPE = YES_ERROR;
				GCC_WARN_UNDECLARED_SELECTOR = YES;
				GCC_WARN_UNINITIALIZED_AUTOS = YES_AGGRESSIVE;
				GCC_WARN_UNUSED_FUNCTION = YES;
				GCC_WARN_UNUSED_VARIABLE = YES;
				IPHONEOS_DEPLOYMENT_TARGET = 18.1;
				LOCALIZATION_PREFERS_STRING_CATALOGS = YES;
				MTL_ENABLE_DEBUG_INFO = INCLUDE_SOURCE;
				MTL_FAST_MATH = YES;
				ONLY_ACTIVE_ARCH = YES;
				SDKROOT = iphoneos;
				SWIFT_ACTIVE_COMPILATION_CONDITIONS = "DEBUG $(inherited)";
				SWIFT_OPTIMIZATION_LEVEL = "-Onone";
			};
			name = Debug;
		};
		19BC8DC92DADC76900B0FED6 /* Release */ = {
			isa = XCBuildConfiguration;
			buildSettings = {
				ALWAYS_SEARCH_USER_PATHS = NO;
				ASSETCATALOG_COMPILER_GENERATE_SWIFT_ASSET_SYMBOL_EXTENSIONS = YES;
				CLANG_ANALYZER_NONNULL = YES;
				CLANG_ANALYZER_NUMBER_OBJECT_CONVERSION = YES_AGGRESSIVE;
				CLANG_CXX_LANGUAGE_STANDARD = "gnu++20";
				CLANG_ENABLE_MODULES = YES;
				CLANG_ENABLE_OBJC_ARC = YES;
				CLANG_ENABLE_OBJC_WEAK = YES;
				CLANG_WARN_BLOCK_CAPTURE_AUTORELEASING = YES;
				CLANG_WARN_BOOL_CONVERSION = YES;
				CLANG_WARN_COMMA = YES;
				CLANG_WARN_CONSTANT_CONVERSION = YES;
				CLANG_WARN_DEPRECATED_OBJC_IMPLEMENTATIONS = YES;
				CLANG_WARN_DIRECT_OBJC_ISA_USAGE = YES_ERROR;
				CLANG_WARN_DOCUMENTATION_COMMENTS = YES;
				CLANG_WARN_EMPTY_BODY = YES;
				CLANG_WARN_ENUM_CONVERSION = YES;
				CLANG_WARN_INFINITE_RECURSION = YES;
				CLANG_WARN_INT_CONVERSION = YES;
				CLANG_WARN_NON_LITERAL_NULL_CONVERSION = YES;
				CLANG_WARN_OBJC_IMPLICIT_RETAIN_SELF = YES;
				CLANG_WARN_OBJC_LITERAL_CONVERSION = YES;
				CLANG_WARN_OBJC_ROOT_CLASS = YES_ERROR;
				CLANG_WARN_QUOTED_INCLUDE_IN_FRAMEWORK_HEADER = YES;
				CLANG_WARN_RANGE_LOOP_ANALYSIS = YES;
				CLANG_WARN_STRICT_PROTOTYPES = YES;
				CLANG_WARN_SUSPICIOUS_MOVE = YES;
				CLANG_WARN_UNGUARDED_AVAILABILITY = YES_AGGRESSIVE;
				CLANG_WARN_UNREACHABLE_CODE = YES;
				CLANG_WARN__DUPLICATE_METHOD_MATCH = YES;
				COPY_PHASE_STRIP = NO;
				DEBUG_INFORMATION_FORMAT = "dwarf-with-dsym";
				ENABLE_NS_ASSERTIONS = NO;
				ENABLE_STRICT_OBJC_MSGSEND = YES;
				ENABLE_USER_SCRIPT_SANDBOXING = YES;
				GCC_C_LANGUAGE_STANDARD = gnu17;
				GCC_NO_COMMON_BLOCKS = YES;
				GCC_WARN_64_TO_32_BIT_CONVERSION = YES;
				GCC_WARN_ABOUT_RETURN_TYPE = YES_ERROR;
				GCC_WARN_UNDECLARED_SELECTOR = YES;
				GCC_WARN_UNINITIALIZED_AUTOS = YES_AGGRESSIVE;
				GCC_WARN_UNUSED_FUNCTION = YES;
				GCC_WARN_UNUSED_VARIABLE = YES;
				IPHONEOS_DEPLOYMENT_TARGET = 18.1;
				LOCALIZATION_PREFERS_STRING_CATALOGS = YES;
				MTL_ENABLE_DEBUG_INFO = NO;
				MTL_FAST_MATH = YES;
				SDKROOT = iphoneos;
				SWIFT_COMPILATION_MODE = wholemodule;
				VALIDATE_PRODUCT = YES;
			};
			name = Release;
		};
		19BC8DCB2DADC76900B0FED6 /* Debug */ = {
			isa = XCBuildConfiguration;
			buildSettings = {
				ASSETCATALOG_COMPILER_APPICON_NAME = AppIcon;
				ASSETCATALOG_COMPILER_GLOBAL_ACCENT_COLOR_NAME = AccentColor;
				CODE_SIGN_STYLE = Automatic;
				CURRENT_PROJECT_VERSION = 1;
				DEVELOPMENT_ASSET_PATHS = "\"FetchRecipeProject/Preview Content\"";
				DEVELOPMENT_TEAM = Q6Y7PWWKUM;
				ENABLE_PREVIEWS = YES;
				GENERATE_INFOPLIST_FILE = YES;
				INFOPLIST_KEY_UIApplicationSceneManifest_Generation = YES;
				INFOPLIST_KEY_UIApplicationSupportsIndirectInputEvents = YES;
				INFOPLIST_KEY_UILaunchScreen_Generation = YES;
				INFOPLIST_KEY_UISupportedInterfaceOrientations_iPad = "UIInterfaceOrientationPortrait UIInterfaceOrientationPortraitUpsideDown UIInterfaceOrientationLandscapeLeft UIInterfaceOrientationLandscapeRight";
				INFOPLIST_KEY_UISupportedInterfaceOrientations_iPhone = "UIInterfaceOrientationPortrait UIInterfaceOrientationLandscapeLeft UIInterfaceOrientationLandscapeRight";
				LD_RUNPATH_SEARCH_PATHS = (
					"$(inherited)",
					"@executable_path/Frameworks",
				);
				MARKETING_VERSION = 1.0;
				PRODUCT_BUNDLE_IDENTIFIER = "com.chi-apple.FetchRecipeProject";
				PRODUCT_NAME = "$(TARGET_NAME)";
				SWIFT_EMIT_LOC_STRINGS = YES;
				SWIFT_VERSION = 5.0;
				TARGETED_DEVICE_FAMILY = "1,2";
			};
			name = Debug;
		};
		19BC8DCC2DADC76900B0FED6 /* Release */ = {
			isa = XCBuildConfiguration;
			buildSettings = {
				ASSETCATALOG_COMPILER_APPICON_NAME = AppIcon;
				ASSETCATALOG_COMPILER_GLOBAL_ACCENT_COLOR_NAME = AccentColor;
				CODE_SIGN_STYLE = Automatic;
				CURRENT_PROJECT_VERSION = 1;
				DEVELOPMENT_ASSET_PATHS = "\"FetchRecipeProject/Preview Content\"";
				DEVELOPMENT_TEAM = Q6Y7PWWKUM;
				ENABLE_PREVIEWS = YES;
				GENERATE_INFOPLIST_FILE = YES;
				INFOPLIST_KEY_UIApplicationSceneManifest_Generation = YES;
				INFOPLIST_KEY_UIApplicationSupportsIndirectInputEvents = YES;
				INFOPLIST_KEY_UILaunchScreen_Generation = YES;
				INFOPLIST_KEY_UISupportedInterfaceOrientations_iPad = "UIInterfaceOrientationPortrait UIInterfaceOrientationPortraitUpsideDown UIInterfaceOrientationLandscapeLeft UIInterfaceOrientationLandscapeRight";
				INFOPLIST_KEY_UISupportedInterfaceOrientations_iPhone = "UIInterfaceOrientationPortrait UIInterfaceOrientationLandscapeLeft UIInterfaceOrientationLandscapeRight";
				LD_RUNPATH_SEARCH_PATHS = (
					"$(inherited)",
					"@executable_path/Frameworks",
				);
				MARKETING_VERSION = 1.0;
				PRODUCT_BUNDLE_IDENTIFIER = "com.chi-apple.FetchRecipeProject";
				PRODUCT_NAME = "$(TARGET_NAME)";
				SWIFT_EMIT_LOC_STRINGS = YES;
				SWIFT_VERSION = 5.0;
				TARGETED_DEVICE_FAMILY = "1,2";
			};
			name = Release;
		};
		19BC8DCE2DADC76900B0FED6 /* Debug */ = {
			isa = XCBuildConfiguration;
			buildSettings = {
				BUNDLE_LOADER = "$(TEST_HOST)";
				CODE_SIGN_STYLE = Automatic;
				CURRENT_PROJECT_VERSION = 1;
				DEVELOPMENT_TEAM = Q6Y7PWWKUM;
				GENERATE_INFOPLIST_FILE = YES;
				IPHONEOS_DEPLOYMENT_TARGET = 18.1;
				MARKETING_VERSION = 1.0;
				PRODUCT_BUNDLE_IDENTIFIER = "com.chi-apple.FetchRecipeProjectTests";
				PRODUCT_NAME = "$(TARGET_NAME)";
				SWIFT_EMIT_LOC_STRINGS = NO;
				SWIFT_VERSION = 5.0;
				TARGETED_DEVICE_FAMILY = "1,2";
				TEST_HOST = "$(BUILT_PRODUCTS_DIR)/FetchRecipeProject.app/$(BUNDLE_EXECUTABLE_FOLDER_PATH)/FetchRecipeProject";
			};
			name = Debug;
		};
		19BC8DCF2DADC76900B0FED6 /* Release */ = {
			isa = XCBuildConfiguration;
			buildSettings = {
				BUNDLE_LOADER = "$(TEST_HOST)";
				CODE_SIGN_STYLE = Automatic;
				CURRENT_PROJECT_VERSION = 1;
				DEVELOPMENT_TEAM = Q6Y7PWWKUM;
				GENERATE_INFOPLIST_FILE = YES;
				IPHONEOS_DEPLOYMENT_TARGET = 18.1;
				MARKETING_VERSION = 1.0;
				PRODUCT_BUNDLE_IDENTIFIER = "com.chi-apple.FetchRecipeProjectTests";
				PRODUCT_NAME = "$(TARGET_NAME)";
				SWIFT_EMIT_LOC_STRINGS = NO;
				SWIFT_VERSION = 5.0;
				TARGETED_DEVICE_FAMILY = "1,2";
				TEST_HOST = "$(BUILT_PRODUCTS_DIR)/FetchRecipeProject.app/$(BUNDLE_EXECUTABLE_FOLDER_PATH)/FetchRecipeProject";
			};
			name = Release;
		};
		19BC8DD12DADC76900B0FED6 /* Debug */ = {
			isa = XCBuildConfiguration;
			buildSettings = {
				CODE_SIGN_STYLE = Automatic;
				CURRENT_PROJECT_VERSION = 1;
				DEVELOPMENT_TEAM = Q6Y7PWWKUM;
				GENERATE_INFOPLIST_FILE = YES;
				MARKETING_VERSION = 1.0;
				PRODUCT_BUNDLE_IDENTIFIER = "com.chi-apple.FetchRecipeProjectUITests";
				PRODUCT_NAME = "$(TARGET_NAME)";
				SWIFT_EMIT_LOC_STRINGS = NO;
				SWIFT_VERSION = 5.0;
				TARGETED_DEVICE_FAMILY = "1,2";
				TEST_TARGET_NAME = FetchRecipeProject;
			};
			name = Debug;
		};
		19BC8DD22DADC76900B0FED6 /* Release */ = {
			isa = XCBuildConfiguration;
			buildSettings = {
				CODE_SIGN_STYLE = Automatic;
				CURRENT_PROJECT_VERSION = 1;
				DEVELOPMENT_TEAM = Q6Y7PWWKUM;
				GENERATE_INFOPLIST_FILE = YES;
				MARKETING_VERSION = 1.0;
				PRODUCT_BUNDLE_IDENTIFIER = "com.chi-apple.FetchRecipeProjectUITests";
				PRODUCT_NAME = "$(TARGET_NAME)";
				SWIFT_EMIT_LOC_STRINGS = NO;
				SWIFT_VERSION = 5.0;
				TARGETED_DEVICE_FAMILY = "1,2";
				TEST_TARGET_NAME = FetchRecipeProject;
			};
			name = Release;
		};
/* End XCBuildConfiguration section */

/* Begin XCConfigurationList section */
		19BC8DA12DADC76600B0FED6 /* Build configuration list for PBXProject "FetchRecipeProject" */ = {
			isa = XCConfigurationList;
			buildConfigurations = (
				19BC8DC82DADC76900B0FED6 /* Debug */,
				19BC8DC92DADC76900B0FED6 /* Release */,
			);
			defaultConfigurationIsVisible = 0;
			defaultConfigurationName = Release;
		};
		19BC8DCA2DADC76900B0FED6 /* Build configuration list for PBXNativeTarget "FetchRecipeProject" */ = {
			isa = XCConfigurationList;
			buildConfigurations = (
				19BC8DCB2DADC76900B0FED6 /* Debug */,
				19BC8DCC2DADC76900B0FED6 /* Release */,
			);
			defaultConfigurationIsVisible = 0;
			defaultConfigurationName = Release;
		};
		19BC8DCD2DADC76900B0FED6 /* Build configuration list for PBXNativeTarget "FetchRecipeProjectTests" */ = {
			isa = XCConfigurationList;
			buildConfigurations = (
				19BC8DCE2DADC76900B0FED6 /* Debug */,
				19BC8DCF2DADC76900B0FED6 /* Release */,
			);
			defaultConfigurationIsVisible = 0;
			defaultConfigurationName = Release;
		};
		19BC8DD02DADC76900B0FED6 /* Build configuration list for PBXNativeTarget "FetchRecipeProjectUITests" */ = {
			isa = XCConfigurationList;
			buildConfigurations = (
				19BC8DD12DADC76900B0FED6 /* Debug */,
				19BC8DD22DADC76900B0FED6 /* Release */,
			);
			defaultConfigurationIsVisible = 0;
			defaultConfigurationName = Release;
		};
/* End XCConfigurationList section */
	};
	rootObject = 19BC8D9E2DADC76600B0FED6 /* Project object */;
}
